
Microsoft Visual Studio Solution File, Format Version 12.00
# Visual Studio Version 17
VisualStudioVersion = 17.14.37531.7
MinimumVisualStudioVersion = 10.0.40219.1
Project("{FAE04EC0-301F-11D3-BF4B-00C04F79EFBC}") = "BlazorEmployeeManagement", "BlazorEmployeeManagement.csproj", "{F676785D-CB12-45CF-B43A-D4E3C2FD1CA6}"
EndProject
Global
	GlobalSection(SolutionConfigurationPlatforms) = preSolution
		Debug|Any CPU = Debug|Any CPU
		Release|Any CPU = Release|Any CPU
	EndGlobalSection
	GlobalSection(ProjectConfigurationPlatforms) = postSolution
		{F676785D-CB12-45CF-B43A-D4E3C2FD1CA6}.Debug|Any CPU.ActiveCfg = Debug|Any CPU
		{F676785D-CB12-45CF-B43A-D4E3C2FD1CA6}.Debug|Any CPU.Build.0 = Debug|Any CPU
		{F676785D-CB12-45CF-B43A-D4E3C2FD1CA6}.Release|Any CPU.ActiveCfg = Release|Any CPU
		{F676785D-CB12-45CF-B43A-D4E3C2FD1CA6}.Release|Any CPU.Build.0 = Release|Any CPU
	EndGlobalSection
	GlobalSection(SolutionProperties) = preSolution
		HideSolutionNode = FALSE
	EndGlobalSection
	GlobalSection(ExtensibilityGlobals) = postSolution
		SolutionGuid = {20B54915-6D10-489D-912E-365F473C09B6}
	EndGlobalSection
EndGlobal
